
Microsoft Visual Studio Solution File, Format Version 12.00
# Visual Studio Version 17
VisualStudioVersion = 17.9.34616.47
MinimumVisualStudioVersion = 10.0.40219.1
Project("{FAE04EC0-301F-11D3-BF4B-00C04F79EFBC}") = "Personel_Kayit", "Personel_Kayit.csproj", "{106E010E-65B4-4BAD-BCFE-1E031702CF6A}"
EndProject
Project("{2150E333-8FDC-42A3-9474-1A3956D46DE8}") = "Solution Items", "Solution Items", "{7C03E79F-3244-4F84-A5C3-5339D5DD5971}"
EndProject
Global
	GlobalSection(SolutionConfigurationPlatforms) = preSolution
		Debug|Any CPU = Debug|Any CPU
		Debug|x64 = Debug|x64
		Release|Any CPU = Release|Any CPU
		Release|x64 = Release|x64
	EndGlobalSection
	GlobalSection(ProjectConfigurationPlatforms) = postSolution
		{106E010E-65B4-4BAD-BCFE-1E031702CF6A}.Debug|Any CPU.ActiveCfg = Debug|Any CPU
		{106E010E-65B4-4BAD-BCFE-1E031702CF6A}.Debug|Any CPU.Build.0 = Debug|Any CPU
		{106E010E-65B4-4BAD-BCFE-1E031702CF6A}.Debug|x64.ActiveCfg = Debug|x64
		{106E010E-65B4-4BAD-BCFE-1E031702CF6A}.Debug|x64.Build.0 = Debug|x64
		{106E010E-65B4-4BAD-BCFE-1E031702CF6A}.Release|Any CPU.ActiveCfg = Release|Any CPU
		{106E010E-65B4-4BAD-BCFE-1E031702CF6A}.Release|Any CPU.Build.0 = Release|Any CPU
		{106E010E-65B4-4BAD-BCFE-1E031702CF6A}.Release|x64.ActiveCfg = Release|x64
		{106E010E-65B4-4BAD-BCFE-1E031702CF6A}.Release|x64.Build.0 = Release|x64
	EndGlobalSection
	GlobalSection(SolutionProperties) = preSolution
		HideSolutionNode = FALSE
	EndGlobalSection
	GlobalSection(ExtensibilityGlobals) = postSolution
		SolutionGuid = {BEFACEE8-D55B-40D5-8FF3-15B98A038664}
	EndGlobalSection
EndGlobal
